# THIS IS AN AUTOGENERATED FILE. DO NOT EDIT THIS FILE DIRECTLY.
# yarn lockfile v1


"@babel/runtime-corejs3@^7.15.4":
  version "7.22.6"
  resolved "https://registry.yarnpkg.com/@babel/runtime-corejs3/-/runtime-corejs3-7.22.6.tgz#e8e625eb3db29491e0326b3aeb9929c43b270ae4"
  integrity sha512-M+37LLIRBTEVjktoJjbw4KVhupF0U/3PYUCbBwgAd9k17hoKhRu1n935QiG7Tuxv0LJOMrb2vuKEeYUlv0iyiw==
  dependencies:
    core-js-pure "^3.30.2"
    regenerator-runtime "^0.13.11"

"@babel/runtime@^7.15.4":
  version "7.22.6"
  resolved "https://registry.yarnpkg.com/@babel/runtime/-/runtime-7.22.6.tgz#57d64b9ae3cff1d67eb067ae117dac087f5bd438"
  integrity sha512-wDb5pWm4WDdF6LFUde3Jl8WzPA+3ZbxYqkC6xAXuD3irdEHN1k0NfTRrJD8ZD378SJ61miMLCqIOXYhd8x+AJQ==
  dependencies:
    regenerator-runtime "^0.13.11"

calver@^22.9.1:
  version "22.9.1"
  resolved "https://registry.yarnpkg.com/calver/-/calver-22.9.1.tgz#42c9a0f4f5b436d77609380876e5a678c53d7d16"
  integrity sha512-YKu5CoQtB/oqvmbCaX3UjKsZwM4zV3W5AJ8/1UTYmVtIS5r6kBA4fJxXLFnW3PsTpQYuYrtkC7kqIlL94eQKWQ==
  dependencies:
    "@babel/runtime" "^7.15.4"
    "@babel/runtime-corejs3" "^7.15.4"

core-js-pure@^3.30.2:
  version "3.31.1"
  resolved "https://registry.yarnpkg.com/core-js-pure/-/core-js-pure-3.31.1.tgz#73d154958881873bc19381df80bddb20c8d0cdb5"
  integrity sha512-w+C62kvWti0EPs4KPMCMVv9DriHSXfQOCQ94bGGBiEW5rrbtt/Rz8n5Krhfw9cpFyzXBjf3DB3QnPdEzGDY4Fw==

prettier@^3.0.0:
  version "3.0.0"
  resolved "https://registry.yarnpkg.com/prettier/-/prettier-3.0.0.tgz#e7b19f691245a21d618c68bc54dc06122f6105ae"
  integrity sha512-zBf5eHpwHOGPC47h0zrPyNn+eAEIdEzfywMoYn2XPi0P44Zp0tSq64rq0xAREh4auw2cJZHo9QUob+NqCQky4g==

regenerator-runtime@^0.13.11:
  version "0.13.11"
  resolved "https://registry.yarnpkg.com/regenerator-runtime/-/regenerator-runtime-0.13.11.tgz#f6dca3e7ceec20590d07ada785636a90cdca17f9"
  integrity sha512-kY1AZVr2Ra+t+piVaJ4gxaFaReZVH40AKNo7UCX6W+dEwBo/2oZJzqfuN1qLq1oL45o56cPaTXELwrTh8Fpggg==
